
Microsoft Visual Studio Solution File, Format Version 12.00
# Visual Studio Version 16
VisualStudioVersion = 16.0.30907.101
MinimumVisualStudioVersion = 10.0.40219.1
Project("{FAE04EC0-301F-11D3-BF4B-00C04F79EFBC}") = "DataAccess", "DataAccess\DataAccess.csproj", "{5EEE4CE7-7B34-464A-801E-B7A4CDED294E}"
EndProject
Project("{FAE04EC0-301F-11D3-BF4B-00C04F79EFBC}") = "Business", "Business\Business.csproj", "{18E71276-9179-4E62-9450-0EA4D4514943}"
EndProject
Project("{FAE04EC0-301F-11D3-BF4B-00C04F79EFBC}") = "Entities", "Entities\Entities.csproj", "{202E9B6F-57CC-4E0F-9B59-136E408D7440}"
EndProject
Project("{FAE04EC0-301F-11D3-BF4B-00C04F79EFBC}") = "Console", "Console\Console.csproj", "{6885E0F2-A600-4526-ABD4-191C9D599570}"
EndProject
Global
	GlobalSection(SolutionConfigurationPlatforms) = preSolution
		Debug|Any CPU = Debug|Any CPU
		Release|Any CPU = Release|Any CPU
	EndGlobalSection
	GlobalSection(ProjectConfigurationPlatforms) = postSolution
		{5EEE4CE7-7B34-464A-801E-B7A4CDED294E}.Debug|Any CPU.ActiveCfg = Debug|Any CPU
		{5EEE4CE7-7B34-464A-801E-B7A4CDED294E}.Debug|Any CPU.Build.0 = Debug|Any CPU
		{5EEE4CE7-7B34-464A-801E-B7A4CDED294E}.Release|Any CPU.ActiveCfg = Release|Any CPU
		{5EEE4CE7-7B34-464A-801E-B7A4CDED294E}.Release|Any CPU.Build.0 = Release|Any CPU
		{18E71276-9179-4E62-9450-0EA4D4514943}.Debug|Any CPU.ActiveCfg = Debug|Any CPU
		{18E71276-9179-4E62-9450-0EA4D4514943}.Debug|Any CPU.Build.0 = Debug|Any CPU
		{18E71276-9179-4E62-9450-0EA4D4514943}.Release|Any CPU.ActiveCfg = Release|Any CPU
		{18E71276-9179-4E62-9450-0EA4D4514943}.Release|Any CPU.Build.0 = Release|Any CPU
		{202E9B6F-57CC-4E0F-9B59-136E408D7440}.Debug|Any CPU.ActiveCfg = Debug|Any CPU
		{202E9B6F-57CC-4E0F-9B59-136E408D7440}.Debug|Any CPU.Build.0 = Debug|Any CPU
		{202E9B6F-57CC-4E0F-9B59-136E408D7440}.Release|Any CPU.ActiveCfg = Release|Any CPU
		{202E9B6F-57CC-4E0F-9B59-136E408D7440}.Release|Any CPU.Build.0 = Release|Any CPU
		{6885E0F2-A600-4526-ABD4-191C9D599570}.Debug|Any CPU.ActiveCfg = Debug|Any CPU
		{6885E0F2-A600-4526-ABD4-191C9D599570}.Debug|Any CPU.Build.0 = Debug|Any CPU
		{6885E0F2-A600-4526-ABD4-191C9D599570}.Release|Any CPU.ActiveCfg = Release|Any CPU
		{6885E0F2-A600-4526-ABD4-191C9D599570}.Release|Any CPU.Build.0 = Release|Any CPU
	EndGlobalSection
	GlobalSection(SolutionProperties) = preSolution
		HideSolutionNode = FALSE
	EndGlobalSection
	GlobalSection(ExtensibilityGlobals) = postSolution
		SolutionGuid = {C5A6EC37-8FDF-4888-8480-F09D0C2F10F3}
	EndGlobalSection
EndGlobal
